
Microsoft Visual Studio Solution File, Format Version 12.00
# Visual Studio Version 17
VisualStudioVersion = 17.13.35913.81
MinimumVisualStudioVersion = 10.0.40219.1
Project("{FAE04EC0-301F-11D3-BF4B-00C04F79EFBC}") = "QuoridorMaui", "QuoridorMaui\QuoridorMaui.csproj", "{8E3E9A4E-B5A7-422E-961C-7B00C200F0ED}"
	ProjectSection(ProjectDependencies) = postProject
		{2A9BA849-703A-4F4C-BFD6-49147091F7B7} = {2A9BA849-703A-4F4C-BFD6-49147091F7B7}
		{8F824213-72FB-4509-ACBF-9FBB3B3AC853} = {8F824213-72FB-4509-ACBF-9FBB3B3AC853}
	EndProjectSection
EndProject
Project("{FAE04EC0-301F-11D3-BF4B-00C04F79EFBC}") = "QuoridorLib", "QuoridorLib\QuoridorLib.csproj", "{2846D949-9F26-F8D0-7410-AF1F215772C3}"
EndProject
Project("{FAE04EC0-301F-11D3-BF4B-00C04F79EFBC}") = "QuoridorConsole", "QuoridorConsole\QuoridorConsole.csproj", "{DA19F0C3-656D-4279-83BF-958FEB3B9CBB}"
EndProject
Project("{FAE04EC0-301F-11D3-BF4B-00C04F79EFBC}") = "QuoridorTest", "QuoridorTest\QuoridorTest.csproj", "{0711FCD0-44B8-4560-9EDD-41AB0163ABDA}"
EndProject
Project("{FAE04EC0-301F-11D3-BF4B-00C04F79EFBC}") = "QuoridorStub", "QuoridorStub\QuoridorStub.csproj", "{8F824213-72FB-4509-ACBF-9FBB3B3AC853}"
EndProject
Project("{FAE04EC0-301F-11D3-BF4B-00C04F79EFBC}") = "Persistence", "Persistence\Persistence.csproj", "{2A9BA849-703A-4F4C-BFD6-49147091F7B7}"
EndProject
Global
	GlobalSection(SolutionConfigurationPlatforms) = preSolution
		Debug|Any CPU = Debug|Any CPU
		Release|Any CPU = Release|Any CPU
	EndGlobalSection
	GlobalSection(ProjectConfigurationPlatforms) = postSolution
		{8E3E9A4E-B5A7-422E-961C-7B00C200F0ED}.Debug|Any CPU.ActiveCfg = Debug|Any CPU
		{8E3E9A4E-B5A7-422E-961C-7B00C200F0ED}.Debug|Any CPU.Build.0 = Debug|Any CPU
		{8E3E9A4E-B5A7-422E-961C-7B00C200F0ED}.Debug|Any CPU.Deploy.0 = Debug|Any CPU
		{8E3E9A4E-B5A7-422E-961C-7B00C200F0ED}.Release|Any CPU.ActiveCfg = Debug|Any CPU
		{8E3E9A4E-B5A7-422E-961C-7B00C200F0ED}.Release|Any CPU.Build.0 = Debug|Any CPU
		{8E3E9A4E-B5A7-422E-961C-7B00C200F0ED}.Release|Any CPU.Deploy.0 = Debug|Any CPU
		{2846D949-9F26-F8D0-7410-AF1F215772C3}.Debug|Any CPU.ActiveCfg = Debug|Any CPU
		{2846D949-9F26-F8D0-7410-AF1F215772C3}.Debug|Any CPU.Build.0 = Debug|Any CPU
		{2846D949-9F26-F8D0-7410-AF1F215772C3}.Release|Any CPU.ActiveCfg = Release|Any CPU
		{2846D949-9F26-F8D0-7410-AF1F215772C3}.Release|Any CPU.Build.0 = Release|Any CPU
		{DA19F0C3-656D-4279-83BF-958FEB3B9CBB}.Debug|Any CPU.ActiveCfg = Debug|Any CPU
		{DA19F0C3-656D-4279-83BF-958FEB3B9CBB}.Debug|Any CPU.Build.0 = Debug|Any CPU
		{DA19F0C3-656D-4279-83BF-958FEB3B9CBB}.Release|Any CPU.ActiveCfg = Release|Any CPU
		{DA19F0C3-656D-4279-83BF-958FEB3B9CBB}.Release|Any CPU.Build.0 = Release|Any CPU
		{0711FCD0-44B8-4560-9EDD-41AB0163ABDA}.Debug|Any CPU.ActiveCfg = Debug|Any CPU
		{0711FCD0-44B8-4560-9EDD-41AB0163ABDA}.Debug|Any CPU.Build.0 = Debug|Any CPU
		{0711FCD0-44B8-4560-9EDD-41AB0163ABDA}.Release|Any CPU.ActiveCfg = Release|Any CPU
		{0711FCD0-44B8-4560-9EDD-41AB0163ABDA}.Release|Any CPU.Build.0 = Release|Any CPU
		{8F824213-72FB-4509-ACBF-9FBB3B3AC853}.Debug|Any CPU.ActiveCfg = Debug|Any CPU
		{8F824213-72FB-4509-ACBF-9FBB3B3AC853}.Debug|Any CPU.Build.0 = Debug|Any CPU
		{8F824213-72FB-4509-ACBF-9FBB3B3AC853}.Release|Any CPU.ActiveCfg = Release|Any CPU
		{8F824213-72FB-4509-ACBF-9FBB3B3AC853}.Release|Any CPU.Build.0 = Release|Any CPU
		{2A9BA849-703A-4F4C-BFD6-49147091F7B7}.Debug|Any CPU.ActiveCfg = Debug|Any CPU
		{2A9BA849-703A-4F4C-BFD6-49147091F7B7}.Debug|Any CPU.Build.0 = Debug|Any CPU
		{2A9BA849-703A-4F4C-BFD6-49147091F7B7}.Release|Any CPU.ActiveCfg = Release|Any CPU
		{2A9BA849-703A-4F4C-BFD6-49147091F7B7}.Release|Any CPU.Build.0 = Release|Any CPU
	EndGlobalSection
	GlobalSection(SolutionProperties) = preSolution
		HideSolutionNode = FALSE
	EndGlobalSection
	GlobalSection(ExtensibilityGlobals) = postSolution
		SolutionGuid = {93570881-1C0C-4AD8-90D8-DAC27C3C2B1D}
	EndGlobalSection
EndGlobal
